dependencies:
- name: jenkins
  repository: https://charts.jenkins.io
  version: 5.8.79
- name: nexus-repository-manager
  repository: https://sonatype.github.io/helm3-charts
  version: 64.2.0
- name: gitea
  repository: https://dl.gitea.io/charts
  version: 12.2.0
digest: sha256:2c08c6839444fbaf391d8903d82b4581fc8cae0d01fd2a26069622104835a0f0
generated: "2025-08-27T19:27:59.810491936Z"
